
Microsoft Visual Studio Solution File, Format Version 12.00
# Visual Studio 15
VisualStudioVersion = 15.0.28010.2026
MinimumVisualStudioVersion = 10.0.40219.1
Project("{FAE04EC0-301F-11D3-BF4B-00C04F79EFBC}") = "Aula01_AloMundo", "Projetos\AloMundo\AloMundo\Aula01_AloMundo.csproj", "{F60926A4-3964-4F6E-89B7-54720053DF9F}"
EndProject
Project("{FAE04EC0-301F-11D3-BF4B-00C04F79EFBC}") = "Aula06_BibliotecaPOOII", "Projetos\BibliotecaPOOII\Aula06_BibliotecaPOOII.csproj", "{A9BDBF0C-80A9-468B-AEB5-5F9E3FD23AE7}"
EndProject
Project("{FAE04EC0-301F-11D3-BF4B-00C04F79EFBC}") = "Aula02_BotoesRadio", "Projetos\BotoesRadio\BotoesRadio\Aula02_BotoesRadio.csproj", "{35FCC2EB-970B-42E3-BC4A-1F5BF7CA2CAF}"
EndProject
Project("{FAE04EC0-301F-11D3-BF4B-00C04F79EFBC}") = "Aula04_ChamandoEscadalar", "Projetos\ChamandoEscadalar\Aula04_ChamandoEscadalar.csproj", "{D95EA61C-2CD4-4AF7-8638-F67653D18831}"
EndProject
Project("{FAE04EC0-301F-11D3-BF4B-00C04F79EFBC}") = "Aula04_ChamandoProcedure", "Projetos\ChamandoProcedure\Aula04_ChamandoProcedure.csproj", "{6BC202CA-9BE0-4444-B8D0-3776EFDF0CA2}"
EndProject
Project("{FAE04EC0-301F-11D3-BF4B-00C04F79EFBC}") = "Aula02_ComboBox", "Projetos\ComboBox\ComboBox\Aula02_ComboBox.csproj", "{665617BD-5132-4949-9DAF-6B5C649963EC}"
EndProject
Project("{FAE04EC0-301F-11D3-BF4B-00C04F79EFBC}") = "Aula05_ControlePedidos", "Projetos\ControlePedidos\Aula05_ControlePedidos.csproj", "{89AE1D73-866C-48A6-A458-FA996BBBAEB7}"
EndProject
Project("{FAE04EC0-301F-11D3-BF4B-00C04F79EFBC}") = "Aula01_CrudSimples01", "Projetos\CrudSimples01\CrudSimples01\Aula01_CrudSimples01.csproj", "{9FD7F522-F3DA-45E4-8C03-D4EDAE09EB42}"
EndProject
Project("{FAE04EC0-301F-11D3-BF4B-00C04F79EFBC}") = "Aula02_MELHORIA01_CrudSimples01", "Projetos\CrudSimples01_Melhoria_01\CrudSimples01\Aula02_MELHORIA01_CrudSimples01.csproj", "{D693A600-7CDE-445C-BD77-51DD9B2494B0}"
EndProject
Project("{FAE04EC0-301F-11D3-BF4B-00C04F79EFBC}") = "Aula02_MELHORIA02_CrudSimples01", "Projetos\CrudSimples01_Melhoria_02\CrudSimples01\Aula02_MELHORIA02_CrudSimples01.csproj", "{BA40C7F6-C150-489F-AC90-17DCA6AB95BE}"
EndProject
Project("{FAE04EC0-301F-11D3-BF4B-00C04F79EFBC}") = "Aula02_MELHORIA02_dbDLLGenerico", "Projetos\CrudSimples01_Melhoria_02\dbDLLGenerico\Aula02_MELHORIA02_dbDLLGenerico.csproj", "{357D7BDB-EDAA-4822-B580-112699683DFB}"
EndProject
Project("{FAE04EC0-301F-11D3-BF4B-00C04F79EFBC}") = "Aula02_MELHORIA03_CrudSimples01", "Projetos\CrudSimples01_Melhoria_03\CrudSimples01\Aula02_MELHORIA03_CrudSimples01.csproj", "{B2AE174E-C4D0-42D1-9582-F4AC8C22BF12}"
EndProject
Project("{FAE04EC0-301F-11D3-BF4B-00C04F79EFBC}") = "Aula02_MELHORIA03_dbDLLEspecifica", "Projetos\CrudSimples01_Melhoria_03\dbDLLEspecifica\Aula02_MELHORIA03_dbDLLEspecifica.csproj", "{6D97C281-524F-48BC-81CC-BE46D97E9F13}"
EndProject
Project("{FAE04EC0-301F-11D3-BF4B-00C04F79EFBC}") = "Aula02_MELHORIA03_dbDLLGenerico", "Projetos\CrudSimples01_Melhoria_03\dbDLLGenerico\Aula02_MELHORIA03_dbDLLGenerico.csproj", "{6BA7E440-5626-4DE4-ADA7-BCE8C66E5211}"
EndProject
Project("{FAE04EC0-301F-11D3-BF4B-00C04F79EFBC}") = "Aula02_MELHORIA04_CrudSimples01", "Projetos\CrudSimples01_Melhoria_04\CrudSimples01\Aula02_MELHORIA04_CrudSimples01.csproj", "{9B5D8101-DB42-4568-A079-592EDAF0D18C}"
EndProject
Project("{FAE04EC0-301F-11D3-BF4B-00C04F79EFBC}") = "Aula02_MELHORIA04_dbDLLEspecifica", "Projetos\CrudSimples01_Melhoria_04\dbDLLEspecifica\Aula02_MELHORIA04_dbDLLEspecifica.csproj", "{1B67B943-89FC-489C-8B48-2AC4B669A136}"
EndProject
Project("{FAE04EC0-301F-11D3-BF4B-00C04F79EFBC}") = "Aula02_MELHORIA04_dbDLLGenerico", "Projetos\CrudSimples01_Melhoria_04\dbDLLGenerico\Aula02_MELHORIA04_dbDLLGenerico.csproj", "{E6D2ACA2-0E8A-4753-9D6D-AB366C511BB8}"
EndProject
Project("{FAE04EC0-301F-11D3-BF4B-00C04F79EFBC}") = "Aula02_MELHORIA04_dllConfiguracao", "Projetos\CrudSimples01_Melhoria_04\dllConfiguracao\Aula02_MELHORIA04_dllConfiguracao.csproj", "{5DD379BE-C88E-4D4F-A4BF-857EBC02F662}"
EndProject
Project("{FAE04EC0-301F-11D3-BF4B-00C04F79EFBC}") = "Aula02_DataHora", "Projetos\DataHora\DataHora\Aula02_DataHora.csproj", "{DECD4634-0C0D-44EE-9DA0-15BE1BD8A705}"
EndProject
Project("{FAE04EC0-301F-11D3-BF4B-00C04F79EFBC}") = "Aula02_Formularios", "Projetos\Formularios\Formularios\Aula02_Formularios.csproj", "{2F28FB39-CA5D-4493-B8F5-EF03FDF7A435}"
EndProject
Project("{FAE04EC0-301F-11D3-BF4B-00C04F79EFBC}") = "Aula02_ListBox", "Projetos\ListBox\ListBox\Aula02_ListBox.csproj", "{FA8C9E5A-585B-41BC-9EDF-71CBE6F7672F}"
EndProject
Project("{FAE04EC0-301F-11D3-BF4B-00C04F79EFBC}") = "Aula02_PictureBox", "Projetos\PictureBox\PictureBox\Aula02_PictureBox.csproj", "{751EB591-6315-4D2D-BF12-F47870FD80A4}"
EndProject
Project("{FAE04EC0-301F-11D3-BF4B-00C04F79EFBC}") = "Aula02_TesteCheckBox", "Projetos\TesteCheckBox\TesteCheckBox\Aula02_TesteCheckBox.csproj", "{F7312E28-BBD8-407A-96D2-24ABF70CFA6F}"
EndProject
Project("{FAE04EC0-301F-11D3-BF4B-00C04F79EFBC}") = "Aula03_Browser", "Projetos\Aula03_Browser\Aula03_Browser.csproj", "{DD27AF95-16DD-44A7-8DB6-0B5D10325FFE}"
EndProject
Project("{FAE04EC0-301F-11D3-BF4B-00C04F79EFBC}") = "Aula03_ComboBox", "Projetos\Aula03_ComboBox\Aula03_ComboBox.csproj", "{9251B45C-547D-482A-A189-60CF3B0F711A}"
EndProject
Project("{FAE04EC0-301F-11D3-BF4B-00C04F79EFBC}") = "Aula03_PopulaComboBoxDadosBanco", "Projetos\Aula03_Combox\Aula03_PopulaComboBoxDadosBanco.csproj", "{89F7D68C-A4E8-4E7C-8711-36F7C1CE9712}"
EndProject
Project("{FAE04EC0-301F-11D3-BF4B-00C04F79EFBC}") = "Aula03_DataGrid", "Projetos\Aula03_DataGrid\Aula03_DataGrid.csproj", "{862A8CEF-E3D6-4A45-8024-A95BC246BE93}"
EndProject
Project("{FAE04EC0-301F-11D3-BF4B-00C04F79EFBC}") = "Aula03_GroupBox", "Projetos\Aula03_GroupBox\Aula03_GroupBox.csproj", "{85E94987-2DFE-432E-BC9D-2CDEFAE28ADF}"
EndProject
Project("{FAE04EC0-301F-11D3-BF4B-00C04F79EFBC}") = "Aula03_MascaraEntradaDados", "Projetos\Aula03_MascaraEntradaDados\Aula03_MascaraEntradaDados.csproj", "{D307E55B-6F12-4977-93ED-B71C6C3420BA}"
EndProject
Project("{FAE04EC0-301F-11D3-BF4B-00C04F79EFBC}") = "Aula03_MessageBoxSimples", "Projetos\Aula03_MessageBoxSimples\Aula03_MessageBoxSimples.csproj", "{D2A1F687-FC8B-4A1F-9FD0-2B29573AABCE}"
EndProject
Project("{FAE04EC0-301F-11D3-BF4B-00C04F79EFBC}") = "Aula03_NumericUpDownEProgressBar", "Projetos\Aula03_NumericUpDownEProgressBar\Aula03_NumericUpDownEProgressBar.csproj", "{0C925E70-86A6-4DC9-9A24-5FBF3020ACC5}"
EndProject
Project("{FAE04EC0-301F-11D3-BF4B-00C04F79EFBC}") = "Aula03_TabControl", "Projetos\Aula03_TabControl\Aula03_TabControl.csproj", "{9DF7C28E-F5E7-4A3F-B24C-696D4D8542F9}"
EndProject
Project("{FAE04EC0-301F-11D3-BF4B-00C04F79EFBC}") = "Aula04_Grafico", "Projetos\Grafico\Aula04_Grafico.csproj", "{934E8FFC-8178-414E-A8D0-2C8EC703CFAB}"
EndProject
Project("{FAE04EC0-301F-11D3-BF4B-00C04F79EFBC}") = "Aula04_Timer01", "Projetos\Timer01\Aula04_Timer01.csproj", "{61FE91DA-CE2A-4A35-8811-3AD8D4FA0EE9}"
EndProject
Project("{FAE04EC0-301F-11D3-BF4B-00C04F79EFBC}") = "Aula04_Transacao", "Projetos\Transacao\Aula04_Transacao.csproj", "{739163B4-2E08-4935-8476-CF49B4EC9279}"
EndProject
Global
	GlobalSection(SolutionConfigurationPlatforms) = preSolution
		Debug|Any CPU = Debug|Any CPU
		Debug|x86 = Debug|x86
		Release|Any CPU = Release|Any CPU
		Release|x86 = Release|x86
	EndGlobalSection
	GlobalSection(ProjectConfigurationPlatforms) = postSolution
		{F60926A4-3964-4F6E-89B7-54720053DF9F}.Debug|Any CPU.ActiveCfg = Debug|Any CPU
		{F60926A4-3964-4F6E-89B7-54720053DF9F}.Debug|Any CPU.Build.0 = Debug|Any CPU
		{F60926A4-3964-4F6E-89B7-54720053DF9F}.Debug|x86.ActiveCfg = Debug|Any CPU
		{F60926A4-3964-4F6E-89B7-54720053DF9F}.Debug|x86.Build.0 = Debug|Any CPU
		{F60926A4-3964-4F6E-89B7-54720053DF9F}.Release|Any CPU.ActiveCfg = Release|Any CPU
		{F60926A4-3964-4F6E-89B7-54720053DF9F}.Release|Any CPU.Build.0 = Release|Any CPU
		{F60926A4-3964-4F6E-89B7-54720053DF9F}.Release|x86.ActiveCfg = Release|Any CPU
		{F60926A4-3964-4F6E-89B7-54720053DF9F}.Release|x86.Build.0 = Release|Any CPU
		{A9BDBF0C-80A9-468B-AEB5-5F9E3FD23AE7}.Debug|Any CPU.ActiveCfg = Debug|x86
		{A9BDBF0C-80A9-468B-AEB5-5F9E3FD23AE7}.Debug|x86.ActiveCfg = Debug|x86
		{A9BDBF0C-80A9-468B-AEB5-5F9E3FD23AE7}.Debug|x86.Build.0 = Debug|x86
		{A9BDBF0C-80A9-468B-AEB5-5F9E3FD23AE7}.Release|Any CPU.ActiveCfg = Release|x86
		{A9BDBF0C-80A9-468B-AEB5-5F9E3FD23AE7}.Release|x86.ActiveCfg = Release|x86
		{A9BDBF0C-80A9-468B-AEB5-5F9E3FD23AE7}.Release|x86.Build.0 = Release|x86
		{35FCC2EB-970B-42E3-BC4A-1F5BF7CA2CAF}.Debug|Any CPU.ActiveCfg = Debug|Any CPU
		{35FCC2EB-970B-42E3-BC4A-1F5BF7CA2CAF}.Debug|Any CPU.Build.0 = Debug|Any CPU
		{35FCC2EB-970B-42E3-BC4A-1F5BF7CA2CAF}.Debug|x86.ActiveCfg = Debug|Any CPU
		{35FCC2EB-970B-42E3-BC4A-1F5BF7CA2CAF}.Debug|x86.Build.0 = Debug|Any CPU
		{35FCC2EB-970B-42E3-BC4A-1F5BF7CA2CAF}.Release|Any CPU.ActiveCfg = Release|Any CPU
		{35FCC2EB-970B-42E3-BC4A-1F5BF7CA2CAF}.Release|Any CPU.Build.0 = Release|Any CPU
		{35FCC2EB-970B-42E3-BC4A-1F5BF7CA2CAF}.Release|x86.ActiveCfg = Release|Any CPU
		{35FCC2EB-970B-42E3-BC4A-1F5BF7CA2CAF}.Release|x86.Build.0 = Release|Any CPU
		{D95EA61C-2CD4-4AF7-8638-F67653D18831}.Debug|Any CPU.ActiveCfg = Debug|Any CPU
		{D95EA61C-2CD4-4AF7-8638-F67653D18831}.Debug|Any CPU.Build.0 = Debug|Any CPU
		{D95EA61C-2CD4-4AF7-8638-F67653D18831}.Debug|x86.ActiveCfg = Debug|Any CPU
		{D95EA61C-2CD4-4AF7-8638-F67653D18831}.Debug|x86.Build.0 = Debug|Any CPU
		{D95EA61C-2CD4-4AF7-8638-F67653D18831}.Release|Any CPU.ActiveCfg = Release|Any CPU
		{D95EA61C-2CD4-4AF7-8638-F67653D18831}.Release|Any CPU.Build.0 = Release|Any CPU
		{D95EA61C-2CD4-4AF7-8638-F67653D18831}.Release|x86.ActiveCfg = Release|Any CPU
		{D95EA61C-2CD4-4AF7-8638-F67653D18831}.Release|x86.Build.0 = Release|Any CPU
		{6BC202CA-9BE0-4444-B8D0-3776EFDF0CA2}.Debug|Any CPU.ActiveCfg = Debug|Any CPU
		{6BC202CA-9BE0-4444-B8D0-3776EFDF0CA2}.Debug|Any CPU.Build.0 = Debug|Any CPU
		{6BC202CA-9BE0-4444-B8D0-3776EFDF0CA2}.Debug|x86.ActiveCfg = Debug|Any CPU
		{6BC202CA-9BE0-4444-B8D0-3776EFDF0CA2}.Debug|x86.Build.0 = Debug|Any CPU
		{6BC202CA-9BE0-4444-B8D0-3776EFDF0CA2}.Release|Any CPU.ActiveCfg = Release|Any CPU
		{6BC202CA-9BE0-4444-B8D0-3776EFDF0CA2}.Release|Any CPU.Build.0 = Release|Any CPU
		{6BC202CA-9BE0-4444-B8D0-3776EFDF0CA2}.Release|x86.ActiveCfg = Release|Any CPU
		{6BC202CA-9BE0-4444-B8D0-3776EFDF0CA2}.Release|x86.Build.0 = Release|Any CPU
		{665617BD-5132-4949-9DAF-6B5C649963EC}.Debug|Any CPU.ActiveCfg = Debug|Any CPU
		{665617BD-5132-4949-9DAF-6B5C649963EC}.Debug|Any CPU.Build.0 = Debug|Any CPU
		{665617BD-5132-4949-9DAF-6B5C649963EC}.Debug|x86.ActiveCfg = Debug|Any CPU
		{665617BD-5132-4949-9DAF-6B5C649963EC}.Debug|x86.Build.0 = Debug|Any CPU
		{665617BD-5132-4949-9DAF-6B5C649963EC}.Release|Any CPU.ActiveCfg = Release|Any CPU
		{665617BD-5132-4949-9DAF-6B5C649963EC}.Release|Any CPU.Build.0 = Release|Any CPU
		{665617BD-5132-4949-9DAF-6B5C649963EC}.Release|x86.ActiveCfg = Release|Any CPU
		{665617BD-5132-4949-9DAF-6B5C649963EC}.Release|x86.Build.0 = Release|Any CPU
		{89AE1D73-866C-48A6-A458-FA996BBBAEB7}.Debug|Any CPU.ActiveCfg = Debug|Any CPU
		{89AE1D73-866C-48A6-A458-FA996BBBAEB7}.Debug|Any CPU.Build.0 = Debug|Any CPU
		{89AE1D73-866C-48A6-A458-FA996BBBAEB7}.Debug|x86.ActiveCfg = Debug|Any CPU
		{89AE1D73-866C-48A6-A458-FA996BBBAEB7}.Debug|x86.Build.0 = Debug|Any CPU
		{89AE1D73-866C-48A6-A458-FA996BBBAEB7}.Release|Any CPU.ActiveCfg = Release|Any CPU
		{89AE1D73-866C-48A6-A458-FA996BBBAEB7}.Release|Any CPU.Build.0 = Release|Any CPU
		{89AE1D73-866C-48A6-A458-FA996BBBAEB7}.Release|x86.ActiveCfg = Release|Any CPU
		{89AE1D73-866C-48A6-A458-FA996BBBAEB7}.Release|x86.Build.0 = Release|Any CPU
		{9FD7F522-F3DA-45E4-8C03-D4EDAE09EB42}.Debug|Any CPU.ActiveCfg = Debug|Any CPU
		{9FD7F522-F3DA-45E4-8C03-D4EDAE09EB42}.Debug|Any CPU.Build.0 = Debug|Any CPU
		{9FD7F522-F3DA-45E4-8C03-D4EDAE09EB42}.Debug|x86.ActiveCfg = Debug|Any CPU
		{9FD7F522-F3DA-45E4-8C03-D4EDAE09EB42}.Debug|x86.Build.0 = Debug|Any CPU
		{9FD7F522-F3DA-45E4-8C03-D4EDAE09EB42}.Release|Any CPU.ActiveCfg = Release|Any CPU
		{9FD7F522-F3DA-45E4-8C03-D4EDAE09EB42}.Release|Any CPU.Build.0 = Release|Any CPU
		{9FD7F522-F3DA-45E4-8C03-D4EDAE09EB42}.Release|x86.ActiveCfg = Release|Any CPU
		{9FD7F522-F3DA-45E4-8C03-D4EDAE09EB42}.Release|x86.Build.0 = Release|Any CPU
		{D693A600-7CDE-445C-BD77-51DD9B2494B0}.Debug|Any CPU.ActiveCfg = Debug|Any CPU
		{D693A600-7CDE-445C-BD77-51DD9B2494B0}.Debug|Any CPU.Build.0 = Debug|Any CPU
		{D693A600-7CDE-445C-BD77-51DD9B2494B0}.Debug|x86.ActiveCfg = Debug|Any CPU
		{D693A600-7CDE-445C-BD77-51DD9B2494B0}.Debug|x86.Build.0 = Debug|Any CPU
		{D693A600-7CDE-445C-BD77-51DD9B2494B0}.Release|Any CPU.ActiveCfg = Release|Any CPU
		{D693A600-7CDE-445C-BD77-51DD9B2494B0}.Release|Any CPU.Build.0 = Release|Any CPU
		{D693A600-7CDE-445C-BD77-51DD9B2494B0}.Release|x86.ActiveCfg = Release|Any CPU
		{D693A600-7CDE-445C-BD77-51DD9B2494B0}.Release|x86.Build.0 = Release|Any CPU
		{BA40C7F6-C150-489F-AC90-17DCA6AB95BE}.Debug|Any CPU.ActiveCfg = Debug|Any CPU
		{BA40C7F6-C150-489F-AC90-17DCA6AB95BE}.Debug|Any CPU.Build.0 = Debug|Any CPU
		{BA40C7F6-C150-489F-AC90-17DCA6AB95BE}.Debug|x86.ActiveCfg = Debug|Any CPU
		{BA40C7F6-C150-489F-AC90-17DCA6AB95BE}.Debug|x86.Build.0 = Debug|Any CPU
		{BA40C7F6-C150-489F-AC90-17DCA6AB95BE}.Release|Any CPU.ActiveCfg = Release|Any CPU
		{BA40C7F6-C150-489F-AC90-17DCA6AB95BE}.Release|Any CPU.Build.0 = Release|Any CPU
		{BA40C7F6-C150-489F-AC90-17DCA6AB95BE}.Release|x86.ActiveCfg = Release|Any CPU
		{BA40C7F6-C150-489F-AC90-17DCA6AB95BE}.Release|x86.Build.0 = Release|Any CPU
		{357D7BDB-EDAA-4822-B580-112699683DFB}.Debug|Any CPU.ActiveCfg = Debug|Any CPU
		{357D7BDB-EDAA-4822-B580-112699683DFB}.Debug|Any CPU.Build.0 = Debug|Any CPU
		{357D7BDB-EDAA-4822-B580-112699683DFB}.Debug|x86.ActiveCfg = Debug|Any CPU
		{357D7BDB-EDAA-4822-B580-112699683DFB}.Debug|x86.Build.0 = Debug|Any CPU
		{357D7BDB-EDAA-4822-B580-112699683DFB}.Release|Any CPU.ActiveCfg = Release|Any CPU
		{357D7BDB-EDAA-4822-B580-112699683DFB}.Release|Any CPU.Build.0 = Release|Any CPU
		{357D7BDB-EDAA-4822-B580-112699683DFB}.Release|x86.ActiveCfg = Release|Any CPU
		{357D7BDB-EDAA-4822-B580-112699683DFB}.Release|x86.Build.0 = Release|Any CPU
		{B2AE174E-C4D0-42D1-9582-F4AC8C22BF12}.Debug|Any CPU.ActiveCfg = Debug|Any CPU
		{B2AE174E-C4D0-42D1-9582-F4AC8C22BF12}.Debug|Any CPU.Build.0 = Debug|Any CPU
		{B2AE174E-C4D0-42D1-9582-F4AC8C22BF12}.Debug|x86.ActiveCfg = Debug|Any CPU
		{B2AE174E-C4D0-42D1-9582-F4AC8C22BF12}.Debug|x86.Build.0 = Debug|Any CPU
		{B2AE174E-C4D0-42D1-9582-F4AC8C22BF12}.Release|Any CPU.ActiveCfg = Release|Any CPU
		{B2AE174E-C4D0-42D1-9582-F4AC8C22BF12}.Release|Any CPU.Build.0 = Release|Any CPU
		{B2AE174E-C4D0-42D1-9582-F4AC8C22BF12}.Release|x86.ActiveCfg = Release|Any CPU
		{B2AE174E-C4D0-42D1-9582-F4AC8C22BF12}.Release|x86.Build.0 = Release|Any CPU
		{6D97C281-524F-48BC-81CC-BE46D97E9F13}.Debug|Any CPU.ActiveCfg = Debug|Any CPU
		{6D97C281-524F-48BC-81CC-BE46D97E9F13}.Debug|Any CPU.Build.0 = Debug|Any CPU
		{6D97C281-524F-48BC-81CC-BE46D97E9F13}.Debug|x86.ActiveCfg = Debug|Any CPU
		{6D97C281-524F-48BC-81CC-BE46D97E9F13}.Debug|x86.Build.0 = Debug|Any CPU
		{6D97C281-524F-48BC-81CC-BE46D97E9F13}.Release|Any CPU.ActiveCfg = Release|Any CPU
		{6D97C281-524F-48BC-81CC-BE46D97E9F13}.Release|Any CPU.Build.0 = Release|Any CPU
		{6D97C281-524F-48BC-81CC-BE46D97E9F13}.Release|x86.ActiveCfg = Release|Any CPU
		{6D97C281-524F-48BC-81CC-BE46D97E9F13}.Release|x86.Build.0 = Release|Any CPU
		{6BA7E440-5626-4DE4-ADA7-BCE8C66E5211}.Debug|Any CPU.ActiveCfg = Debug|Any CPU
		{6BA7E440-5626-4DE4-ADA7-BCE8C66E5211}.Debug|Any CPU.Build.0 = Debug|Any CPU
		{6BA7E440-5626-4DE4-ADA7-BCE8C66E5211}.Debug|x86.ActiveCfg = Debug|Any CPU
		{6BA7E440-5626-4DE4-ADA7-BCE8C66E5211}.Debug|x86.Build.0 = Debug|Any CPU
		{6BA7E440-5626-4DE4-ADA7-BCE8C66E5211}.Release|Any CPU.ActiveCfg = Release|Any CPU
		{6BA7E440-5626-4DE4-ADA7-BCE8C66E5211}.Release|Any CPU.Build.0 = Release|Any CPU
		{6BA7E440-5626-4DE4-ADA7-BCE8C66E5211}.Release|x86.ActiveCfg = Release|Any CPU
		{6BA7E440-5626-4DE4-ADA7-BCE8C66E5211}.Release|x86.Build.0 = Release|Any CPU
		{9B5D8101-DB42-4568-A079-592EDAF0D18C}.Debug|Any CPU.ActiveCfg = Debug|Any CPU
		{9B5D8101-DB42-4568-A079-592EDAF0D18C}.Debug|Any CPU.Build.0 = Debug|Any CPU
		{9B5D8101-DB42-4568-A079-592EDAF0D18C}.Debug|x86.ActiveCfg = Debug|Any CPU
		{9B5D8101-DB42-4568-A079-592EDAF0D18C}.Debug|x86.Build.0 = Debug|Any CPU
		{9B5D8101-DB42-4568-A079-592EDAF0D18C}.Release|Any CPU.ActiveCfg = Release|Any CPU
		{9B5D8101-DB42-4568-A079-592EDAF0D18C}.Release|Any CPU.Build.0 = Release|Any CPU
		{9B5D8101-DB42-4568-A079-592EDAF0D18C}.Release|x86.ActiveCfg = Release|Any CPU
		{9B5D8101-DB42-4568-A079-592EDAF0D18C}.Release|x86.Build.0 = Release|Any CPU
		{1B67B943-89FC-489C-8B48-2AC4B669A136}.Debug|Any CPU.ActiveCfg = Debug|Any CPU
		{1B67B943-89FC-489C-8B48-2AC4B669A136}.Debug|Any CPU.Build.0 = Debug|Any CPU
		{1B67B943-89FC-489C-8B48-2AC4B669A136}.Debug|x86.ActiveCfg = Debug|Any CPU
		{1B67B943-89FC-489C-8B48-2AC4B669A136}.Debug|x86.Build.0 = Debug|Any CPU
		{1B67B943-89FC-489C-8B48-2AC4B669A136}.Release|Any CPU.ActiveCfg = Release|Any CPU
		{1B67B943-89FC-489C-8B48-2AC4B669A136}.Release|Any CPU.Build.0 = Release|Any CPU
		{1B67B943-89FC-489C-8B48-2AC4B669A136}.Release|x86.ActiveCfg = Release|Any CPU
		{1B67B943-89FC-489C-8B48-2AC4B669A136}.Release|x86.Build.0 = Release|Any CPU
		{E6D2ACA2-0E8A-4753-9D6D-AB366C511BB8}.Debug|Any CPU.ActiveCfg = Debug|Any CPU
		{E6D2ACA2-0E8A-4753-9D6D-AB366C511BB8}.Debug|Any CPU.Build.0 = Debug|Any CPU
		{E6D2ACA2-0E8A-4753-9D6D-AB366C511BB8}.Debug|x86.ActiveCfg = Debug|Any CPU
		{E6D2ACA2-0E8A-4753-9D6D-AB366C511BB8}.Debug|x86.Build.0 = Debug|Any CPU
		{E6D2ACA2-0E8A-4753-9D6D-AB366C511BB8}.Release|Any CPU.ActiveCfg = Release|Any CPU
		{E6D2ACA2-0E8A-4753-9D6D-AB366C511BB8}.Release|Any CPU.Build.0 = Release|Any CPU
		{E6D2ACA2-0E8A-4753-9D6D-AB366C511BB8}.Release|x86.ActiveCfg = Release|Any CPU
		{E6D2ACA2-0E8A-4753-9D6D-AB366C511BB8}.Release|x86.Build.0 = Release|Any CPU
		{5DD379BE-C88E-4D4F-A4BF-857EBC02F662}.Debug|Any CPU.ActiveCfg = Debug|Any CPU
		{5DD379BE-C88E-4D4F-A4BF-857EBC02F662}.Debug|Any CPU.Build.0 = Debug|Any CPU
		{5DD379BE-C88E-4D4F-A4BF-857EBC02F662}.Debug|x86.ActiveCfg = Debug|Any CPU
		{5DD379BE-C88E-4D4F-A4BF-857EBC02F662}.Debug|x86.Build.0 = Debug|Any CPU
		{5DD379BE-C88E-4D4F-A4BF-857EBC02F662}.Release|Any CPU.ActiveCfg = Release|Any CPU
		{5DD379BE-C88E-4D4F-A4BF-857EBC02F662}.Release|Any CPU.Build.0 = Release|Any CPU
		{5DD379BE-C88E-4D4F-A4BF-857EBC02F662}.Release|x86.ActiveCfg = Release|Any CPU
		{5DD379BE-C88E-4D4F-A4BF-857EBC02F662}.Release|x86.Build.0 = Release|Any CPU
		{DECD4634-0C0D-44EE-9DA0-15BE1BD8A705}.Debug|Any CPU.ActiveCfg = Debug|Any CPU
		{DECD4634-0C0D-44EE-9DA0-15BE1BD8A705}.Debug|Any CPU.Build.0 = Debug|Any CPU
		{DECD4634-0C0D-44EE-9DA0-15BE1BD8A705}.Debug|x86.ActiveCfg = Debug|Any CPU
		{DECD4634-0C0D-44EE-9DA0-15BE1BD8A705}.Debug|x86.Build.0 = Debug|Any CPU
		{DECD4634-0C0D-44EE-9DA0-15BE1BD8A705}.Release|Any CPU.ActiveCfg = Release|Any CPU
		{DECD4634-0C0D-44EE-9DA0-15BE1BD8A705}.Release|Any CPU.Build.0 = Release|Any CPU
		{DECD4634-0C0D-44EE-9DA0-15BE1BD8A705}.Release|x86.ActiveCfg = Release|Any CPU
		{DECD4634-0C0D-44EE-9DA0-15BE1BD8A705}.Release|x86.Build.0 = Release|Any CPU
		{2F28FB39-CA5D-4493-B8F5-EF03FDF7A435}.Debug|Any CPU.ActiveCfg = Debug|Any CPU
		{2F28FB39-CA5D-4493-B8F5-EF03FDF7A435}.Debug|Any CPU.Build.0 = Debug|Any CPU
		{2F28FB39-CA5D-4493-B8F5-EF03FDF7A435}.Debug|x86.ActiveCfg = Debug|Any CPU
		{2F28FB39-CA5D-4493-B8F5-EF03FDF7A435}.Debug|x86.Build.0 = Debug|Any CPU
		{2F28FB39-CA5D-4493-B8F5-EF03FDF7A435}.Release|Any CPU.ActiveCfg = Release|Any CPU
		{2F28FB39-CA5D-4493-B8F5-EF03FDF7A435}.Release|Any CPU.Build.0 = Release|Any CPU
		{2F28FB39-CA5D-4493-B8F5-EF03FDF7A435}.Release|x86.ActiveCfg = Release|Any CPU
		{2F28FB39-CA5D-4493-B8F5-EF03FDF7A435}.Release|x86.Build.0 = Release|Any CPU
		{FA8C9E5A-585B-41BC-9EDF-71CBE6F7672F}.Debug|Any CPU.ActiveCfg = Debug|Any CPU
		{FA8C9E5A-585B-41BC-9EDF-71CBE6F7672F}.Debug|Any CPU.Build.0 = Debug|Any CPU
		{FA8C9E5A-585B-41BC-9EDF-71CBE6F7672F}.Debug|x86.ActiveCfg = Debug|Any CPU
		{FA8C9E5A-585B-41BC-9EDF-71CBE6F7672F}.Debug|x86.Build.0 = Debug|Any CPU
		{FA8C9E5A-585B-41BC-9EDF-71CBE6F7672F}.Release|Any CPU.ActiveCfg = Release|Any CPU
		{FA8C9E5A-585B-41BC-9EDF-71CBE6F7672F}.Release|Any CPU.Build.0 = Release|Any CPU
		{FA8C9E5A-585B-41BC-9EDF-71CBE6F7672F}.Release|x86.ActiveCfg = Release|Any CPU
		{FA8C9E5A-585B-41BC-9EDF-71CBE6F7672F}.Release|x86.Build.0 = Release|Any CPU
		{751EB591-6315-4D2D-BF12-F47870FD80A4}.Debug|Any CPU.ActiveCfg = Debug|Any CPU
		{751EB591-6315-4D2D-BF12-F47870FD80A4}.Debug|Any CPU.Build.0 = Debug|Any CPU
		{751EB591-6315-4D2D-BF12-F47870FD80A4}.Debug|x86.ActiveCfg = Debug|Any CPU
		{751EB591-6315-4D2D-BF12-F47870FD80A4}.Debug|x86.Build.0 = Debug|Any CPU
		{751EB591-6315-4D2D-BF12-F47870FD80A4}.Release|Any CPU.ActiveCfg = Release|Any CPU
		{751EB591-6315-4D2D-BF12-F47870FD80A4}.Release|Any CPU.Build.0 = Release|Any CPU
		{751EB591-6315-4D2D-BF12-F47870FD80A4}.Release|x86.ActiveCfg = Release|Any CPU
		{751EB591-6315-4D2D-BF12-F47870FD80A4}.Release|x86.Build.0 = Release|Any CPU
		{F7312E28-BBD8-407A-96D2-24ABF70CFA6F}.Debug|Any CPU.ActiveCfg = Debug|Any CPU
		{F7312E28-BBD8-407A-96D2-24ABF70CFA6F}.Debug|Any CPU.Build.0 = Debug|Any CPU
		{F7312E28-BBD8-407A-96D2-24ABF70CFA6F}.Debug|x86.ActiveCfg = Debug|Any CPU
		{F7312E28-BBD8-407A-96D2-24ABF70CFA6F}.Debug|x86.Build.0 = Debug|Any CPU
		{F7312E28-BBD8-407A-96D2-24ABF70CFA6F}.Release|Any CPU.ActiveCfg = Release|Any CPU
		{F7312E28-BBD8-407A-96D2-24ABF70CFA6F}.Release|Any CPU.Build.0 = Release|Any CPU
		{F7312E28-BBD8-407A-96D2-24ABF70CFA6F}.Release|x86.ActiveCfg = Release|Any CPU
		{F7312E28-BBD8-407A-96D2-24ABF70CFA6F}.Release|x86.Build.0 = Release|Any CPU
		{DD27AF95-16DD-44A7-8DB6-0B5D10325FFE}.Debug|Any CPU.ActiveCfg = Debug|x86
		{DD27AF95-16DD-44A7-8DB6-0B5D10325FFE}.Debug|x86.ActiveCfg = Debug|x86
		{DD27AF95-16DD-44A7-8DB6-0B5D10325FFE}.Debug|x86.Build.0 = Debug|x86
		{DD27AF95-16DD-44A7-8DB6-0B5D10325FFE}.Release|Any CPU.ActiveCfg = Release|x86
		{DD27AF95-16DD-44A7-8DB6-0B5D10325FFE}.Release|x86.ActiveCfg = Release|x86
		{DD27AF95-16DD-44A7-8DB6-0B5D10325FFE}.Release|x86.Build.0 = Release|x86
		{9251B45C-547D-482A-A189-60CF3B0F711A}.Debug|Any CPU.ActiveCfg = Debug|x86
		{9251B45C-547D-482A-A189-60CF3B0F711A}.Debug|x86.ActiveCfg = Debug|x86
		{9251B45C-547D-482A-A189-60CF3B0F711A}.Debug|x86.Build.0 = Debug|x86
		{9251B45C-547D-482A-A189-60CF3B0F711A}.Release|Any CPU.ActiveCfg = Release|x86
		{9251B45C-547D-482A-A189-60CF3B0F711A}.Release|x86.ActiveCfg = Release|x86
		{9251B45C-547D-482A-A189-60CF3B0F711A}.Release|x86.Build.0 = Release|x86
		{89F7D68C-A4E8-4E7C-8711-36F7C1CE9712}.Debug|Any CPU.ActiveCfg = Debug|x86
		{89F7D68C-A4E8-4E7C-8711-36F7C1CE9712}.Debug|x86.ActiveCfg = Debug|x86
		{89F7D68C-A4E8-4E7C-8711-36F7C1CE9712}.Debug|x86.Build.0 = Debug|x86
		{89F7D68C-A4E8-4E7C-8711-36F7C1CE9712}.Release|Any CPU.ActiveCfg = Release|x86
		{89F7D68C-A4E8-4E7C-8711-36F7C1CE9712}.Release|x86.ActiveCfg = Release|x86
		{89F7D68C-A4E8-4E7C-8711-36F7C1CE9712}.Release|x86.Build.0 = Release|x86
		{862A8CEF-E3D6-4A45-8024-A95BC246BE93}.Debug|Any CPU.ActiveCfg = Debug|x86
		{862A8CEF-E3D6-4A45-8024-A95BC246BE93}.Debug|x86.ActiveCfg = Debug|x86
		{862A8CEF-E3D6-4A45-8024-A95BC246BE93}.Debug|x86.Build.0 = Debug|x86
		{862A8CEF-E3D6-4A45-8024-A95BC246BE93}.Release|Any CPU.ActiveCfg = Release|x86
		{862A8CEF-E3D6-4A45-8024-A95BC246BE93}.Release|x86.ActiveCfg = Release|x86
		{862A8CEF-E3D6-4A45-8024-A95BC246BE93}.Release|x86.Build.0 = Release|x86
		{85E94987-2DFE-432E-BC9D-2CDEFAE28ADF}.Debug|Any CPU.ActiveCfg = Debug|x86
		{85E94987-2DFE-432E-BC9D-2CDEFAE28ADF}.Debug|x86.ActiveCfg = Debug|x86
		{85E94987-2DFE-432E-BC9D-2CDEFAE28ADF}.Debug|x86.Build.0 = Debug|x86
		{85E94987-2DFE-432E-BC9D-2CDEFAE28ADF}.Release|Any CPU.ActiveCfg = Release|x86
		{85E94987-2DFE-432E-BC9D-2CDEFAE28ADF}.Release|x86.ActiveCfg = Release|x86
		{85E94987-2DFE-432E-BC9D-2CDEFAE28ADF}.Release|x86.Build.0 = Release|x86
		{D307E55B-6F12-4977-93ED-B71C6C3420BA}.Debug|Any CPU.ActiveCfg = Debug|x86
		{D307E55B-6F12-4977-93ED-B71C6C3420BA}.Debug|x86.ActiveCfg = Debug|x86
		{D307E55B-6F12-4977-93ED-B71C6C3420BA}.Debug|x86.Build.0 = Debug|x86
		{D307E55B-6F12-4977-93ED-B71C6C3420BA}.Release|Any CPU.ActiveCfg = Release|x86
		{D307E55B-6F12-4977-93ED-B71C6C3420BA}.Release|x86.ActiveCfg = Release|x86
		{D307E55B-6F12-4977-93ED-B71C6C3420BA}.Release|x86.Build.0 = Release|x86
		{D2A1F687-FC8B-4A1F-9FD0-2B29573AABCE}.Debug|Any CPU.ActiveCfg = Debug|x86
		{D2A1F687-FC8B-4A1F-9FD0-2B29573AABCE}.Debug|x86.ActiveCfg = Debug|x86
		{D2A1F687-FC8B-4A1F-9FD0-2B29573AABCE}.Debug|x86.Build.0 = Debug|x86
		{D2A1F687-FC8B-4A1F-9FD0-2B29573AABCE}.Release|Any CPU.ActiveCfg = Release|x86
		{D2A1F687-FC8B-4A1F-9FD0-2B29573AABCE}.Release|x86.ActiveCfg = Release|x86
		{D2A1F687-FC8B-4A1F-9FD0-2B29573AABCE}.Release|x86.Build.0 = Release|x86
		{0C925E70-86A6-4DC9-9A24-5FBF3020ACC5}.Debug|Any CPU.ActiveCfg = Debug|x86
		{0C925E70-86A6-4DC9-9A24-5FBF3020ACC5}.Debug|x86.ActiveCfg = Debug|x86
		{0C925E70-86A6-4DC9-9A24-5FBF3020ACC5}.Debug|x86.Build.0 = Debug|x86
		{0C925E70-86A6-4DC9-9A24-5FBF3020ACC5}.Release|Any CPU.ActiveCfg = Release|x86
		{0C925E70-86A6-4DC9-9A24-5FBF3020ACC5}.Release|x86.ActiveCfg = Release|x86
		{0C925E70-86A6-4DC9-9A24-5FBF3020ACC5}.Release|x86.Build.0 = Release|x86
		{9DF7C28E-F5E7-4A3F-B24C-696D4D8542F9}.Debug|Any CPU.ActiveCfg = Debug|x86
		{9DF7C28E-F5E7-4A3F-B24C-696D4D8542F9}.Debug|x86.ActiveCfg = Debug|x86
		{9DF7C28E-F5E7-4A3F-B24C-696D4D8542F9}.Debug|x86.Build.0 = Debug|x86
		{9DF7C28E-F5E7-4A3F-B24C-696D4D8542F9}.Release|Any CPU.ActiveCfg = Release|x86
		{9DF7C28E-F5E7-4A3F-B24C-696D4D8542F9}.Release|x86.ActiveCfg = Release|x86
		{9DF7C28E-F5E7-4A3F-B24C-696D4D8542F9}.Release|x86.Build.0 = Release|x86
		{934E8FFC-8178-414E-A8D0-2C8EC703CFAB}.Debug|Any CPU.ActiveCfg = Debug|Any CPU
		{934E8FFC-8178-414E-A8D0-2C8EC703CFAB}.Debug|Any CPU.Build.0 = Debug|Any CPU
		{934E8FFC-8178-414E-A8D0-2C8EC703CFAB}.Debug|x86.ActiveCfg = Debug|Any CPU
		{934E8FFC-8178-414E-A8D0-2C8EC703CFAB}.Debug|x86.Build.0 = Debug|Any CPU
		{934E8FFC-8178-414E-A8D0-2C8EC703CFAB}.Release|Any CPU.ActiveCfg = Release|Any CPU
		{934E8FFC-8178-414E-A8D0-2C8EC703CFAB}.Release|Any CPU.Build.0 = Release|Any CPU
		{934E8FFC-8178-414E-A8D0-2C8EC703CFAB}.Release|x86.ActiveCfg = Release|Any CPU
		{934E8FFC-8178-414E-A8D0-2C8EC703CFAB}.Release|x86.Build.0 = Release|Any CPU
		{61FE91DA-CE2A-4A35-8811-3AD8D4FA0EE9}.Debug|Any CPU.ActiveCfg = Debug|Any CPU
		{61FE91DA-CE2A-4A35-8811-3AD8D4FA0EE9}.Debug|Any CPU.Build.0 = Debug|Any CPU
		{61FE91DA-CE2A-4A35-8811-3AD8D4FA0EE9}.Debug|x86.ActiveCfg = Debug|Any CPU
		{61FE91DA-CE2A-4A35-8811-3AD8D4FA0EE9}.Debug|x86.Build.0 = Debug|Any CPU
		{61FE91DA-CE2A-4A35-8811-3AD8D4FA0EE9}.Release|Any CPU.ActiveCfg = Release|Any CPU
		{61FE91DA-CE2A-4A35-8811-3AD8D4FA0EE9}.Release|Any CPU.Build.0 = Release|Any CPU
		{61FE91DA-CE2A-4A35-8811-3AD8D4FA0EE9}.Release|x86.ActiveCfg = Release|Any CPU
		{61FE91DA-CE2A-4A35-8811-3AD8D4FA0EE9}.Release|x86.Build.0 = Release|Any CPU
		{739163B4-2E08-4935-8476-CF49B4EC9279}.Debug|Any CPU.ActiveCfg = Debug|Any CPU
		{739163B4-2E08-4935-8476-CF49B4EC9279}.Debug|Any CPU.Build.0 = Debug|Any CPU
		{739163B4-2E08-4935-8476-CF49B4EC9279}.Debug|x86.ActiveCfg = Debug|Any CPU
		{739163B4-2E08-4935-8476-CF49B4EC9279}.Debug|x86.Build.0 = Debug|Any CPU
		{739163B4-2E08-4935-8476-CF49B4EC9279}.Release|Any CPU.ActiveCfg = Release|Any CPU
		{739163B4-2E08-4935-8476-CF49B4EC9279}.Release|Any CPU.Build.0 = Release|Any CPU
		{739163B4-2E08-4935-8476-CF49B4EC9279}.Release|x86.ActiveCfg = Release|Any CPU
		{739163B4-2E08-4935-8476-CF49B4EC9279}.Release|x86.Build.0 = Release|Any CPU
	EndGlobalSection
	GlobalSection(SolutionProperties) = preSolution
		HideSolutionNode = FALSE
	EndGlobalSection
	GlobalSection(ExtensibilityGlobals) = postSolution
		SolutionGuid = {090BEBF9-745A-44FE-B145-4A22122444F5}
	EndGlobalSection
EndGlobal
