
Microsoft Visual Studio Solution File, Format Version 12.00
# Visual Studio 15
VisualStudioVersion = 15.0.28010.2003
MinimumVisualStudioVersion = 10.0.40219.1
Project("{FAE04EC0-301F-11D3-BF4B-00C04F79EFBC}") = "Timer01", "Timer01\Timer01.csproj", "{61FE91DA-CE2A-4A35-8811-3AD8D4FA0EE9}"
EndProject
Project("{FAE04EC0-301F-11D3-BF4B-00C04F79EFBC}") = "Grafico", "Grafico\Grafico.csproj", "{934E8FFC-8178-414E-A8D0-2C8EC703CFAB}"
EndProject
Project("{FAE04EC0-301F-11D3-BF4B-00C04F79EFBC}") = "ChamandoProcedure", "ChamandoProcedure\ChamandoProcedure.csproj", "{6BC202CA-9BE0-4444-B8D0-3776EFDF0CA2}"
EndProject
Project("{FAE04EC0-301F-11D3-BF4B-00C04F79EFBC}") = "ChamandoEscadalar", "ChamandoEscadalar\ChamandoEscadalar.csproj", "{D95EA61C-2CD4-4AF7-8638-F67653D18831}"
EndProject
Project("{FAE04EC0-301F-11D3-BF4B-00C04F79EFBC}") = "Transacao", "Transacao\Transacao.csproj", "{739163B4-2E08-4935-8476-CF49B4EC9279}"
EndProject
Global
	GlobalSection(SolutionConfigurationPlatforms) = preSolution
		Debug|Any CPU = Debug|Any CPU
		Release|Any CPU = Release|Any CPU
	EndGlobalSection
	GlobalSection(ProjectConfigurationPlatforms) = postSolution
		{61FE91DA-CE2A-4A35-8811-3AD8D4FA0EE9}.Debug|Any CPU.ActiveCfg = Debug|Any CPU
		{61FE91DA-CE2A-4A35-8811-3AD8D4FA0EE9}.Debug|Any CPU.Build.0 = Debug|Any CPU
		{61FE91DA-CE2A-4A35-8811-3AD8D4FA0EE9}.Release|Any CPU.ActiveCfg = Release|Any CPU
		{61FE91DA-CE2A-4A35-8811-3AD8D4FA0EE9}.Release|Any CPU.Build.0 = Release|Any CPU
		{934E8FFC-8178-414E-A8D0-2C8EC703CFAB}.Debug|Any CPU.ActiveCfg = Debug|Any CPU
		{934E8FFC-8178-414E-A8D0-2C8EC703CFAB}.Debug|Any CPU.Build.0 = Debug|Any CPU
		{934E8FFC-8178-414E-A8D0-2C8EC703CFAB}.Release|Any CPU.ActiveCfg = Release|Any CPU
		{934E8FFC-8178-414E-A8D0-2C8EC703CFAB}.Release|Any CPU.Build.0 = Release|Any CPU
		{6BC202CA-9BE0-4444-B8D0-3776EFDF0CA2}.Debug|Any CPU.ActiveCfg = Debug|Any CPU
		{6BC202CA-9BE0-4444-B8D0-3776EFDF0CA2}.Debug|Any CPU.Build.0 = Debug|Any CPU
		{6BC202CA-9BE0-4444-B8D0-3776EFDF0CA2}.Release|Any CPU.ActiveCfg = Release|Any CPU
		{6BC202CA-9BE0-4444-B8D0-3776EFDF0CA2}.Release|Any CPU.Build.0 = Release|Any CPU
		{D95EA61C-2CD4-4AF7-8638-F67653D18831}.Debug|Any CPU.ActiveCfg = Debug|Any CPU
		{D95EA61C-2CD4-4AF7-8638-F67653D18831}.Debug|Any CPU.Build.0 = Debug|Any CPU
		{D95EA61C-2CD4-4AF7-8638-F67653D18831}.Release|Any CPU.ActiveCfg = Release|Any CPU
		{D95EA61C-2CD4-4AF7-8638-F67653D18831}.Release|Any CPU.Build.0 = Release|Any CPU
		{739163B4-2E08-4935-8476-CF49B4EC9279}.Debug|Any CPU.ActiveCfg = Debug|Any CPU
		{739163B4-2E08-4935-8476-CF49B4EC9279}.Debug|Any CPU.Build.0 = Debug|Any CPU
		{739163B4-2E08-4935-8476-CF49B4EC9279}.Release|Any CPU.ActiveCfg = Release|Any CPU
		{739163B4-2E08-4935-8476-CF49B4EC9279}.Release|Any CPU.Build.0 = Release|Any CPU
	EndGlobalSection
	GlobalSection(SolutionProperties) = preSolution
		HideSolutionNode = FALSE
	EndGlobalSection
	GlobalSection(ExtensibilityGlobals) = postSolution
		SolutionGuid = {2CFF55DC-863E-4B22-B3E2-ABE5024C0135}
	EndGlobalSection
EndGlobal
