
Microsoft Visual Studio Solution File, Format Version 12.00
# Visual Studio Version 16
VisualStudioVersion = 16.0.29209.62
MinimumVisualStudioVersion = 10.0.40219.1
Project("{FAE04EC0-301F-11D3-BF4B-00C04F79EFBC}") = "JanelasMdiSdi", "teste\JanelasMdiSdi.csproj", "{A5C151EC-EB15-44B6-AF41-E7AC5AEF31A0}"
EndProject
Project("{FAE04EC0-301F-11D3-BF4B-00C04F79EFBC}") = "BotoesRadio", "botoesradio\BotoesRadio.csproj", "{FA8EDFC4-86A8-478B-B4CB-8790D2F4A130}"
EndProject
Project("{FAE04EC0-301F-11D3-BF4B-00C04F79EFBC}") = "ListBox", "ListBox\ListBox.csproj", "{E2D2D77B-2995-4ED4-A8CC-6C53D761E2A4}"
EndProject
Project("{FAE04EC0-301F-11D3-BF4B-00C04F79EFBC}") = "CheckBox", "CheckBox\CheckBox.csproj", "{5B7F4ECA-1074-4C6F-9CED-943B3F4F0056}"
EndProject
Project("{FAE04EC0-301F-11D3-BF4B-00C04F79EFBC}") = "ComboBox", "ComboBox\ComboBox.csproj", "{6AAF4997-1D66-47E8-8EDD-5D1B0D02E935}"
EndProject
Project("{FAE04EC0-301F-11D3-BF4B-00C04F79EFBC}") = "DateTime", "DateTime\DateTime.csproj", "{A9F78408-9A19-4D58-9422-8A4E387D6BDC}"
EndProject
Project("{FAE04EC0-301F-11D3-BF4B-00C04F79EFBC}") = "ExercicioApInfo", "ExercicioApInfo\ExercicioApInfo.csproj", "{D41F9C1E-A50B-4F93-A104-0DB5CD774FFA}"
EndProject
Global
	GlobalSection(SolutionConfigurationPlatforms) = preSolution
		Debug|Any CPU = Debug|Any CPU
		Release|Any CPU = Release|Any CPU
	EndGlobalSection
	GlobalSection(ProjectConfigurationPlatforms) = postSolution
		{A5C151EC-EB15-44B6-AF41-E7AC5AEF31A0}.Debug|Any CPU.ActiveCfg = Debug|Any CPU
		{A5C151EC-EB15-44B6-AF41-E7AC5AEF31A0}.Debug|Any CPU.Build.0 = Debug|Any CPU
		{A5C151EC-EB15-44B6-AF41-E7AC5AEF31A0}.Release|Any CPU.ActiveCfg = Release|Any CPU
		{A5C151EC-EB15-44B6-AF41-E7AC5AEF31A0}.Release|Any CPU.Build.0 = Release|Any CPU
		{FA8EDFC4-86A8-478B-B4CB-8790D2F4A130}.Debug|Any CPU.ActiveCfg = Debug|Any CPU
		{FA8EDFC4-86A8-478B-B4CB-8790D2F4A130}.Debug|Any CPU.Build.0 = Debug|Any CPU
		{FA8EDFC4-86A8-478B-B4CB-8790D2F4A130}.Release|Any CPU.ActiveCfg = Release|Any CPU
		{FA8EDFC4-86A8-478B-B4CB-8790D2F4A130}.Release|Any CPU.Build.0 = Release|Any CPU
		{E2D2D77B-2995-4ED4-A8CC-6C53D761E2A4}.Debug|Any CPU.ActiveCfg = Debug|Any CPU
		{E2D2D77B-2995-4ED4-A8CC-6C53D761E2A4}.Debug|Any CPU.Build.0 = Debug|Any CPU
		{E2D2D77B-2995-4ED4-A8CC-6C53D761E2A4}.Release|Any CPU.ActiveCfg = Release|Any CPU
		{E2D2D77B-2995-4ED4-A8CC-6C53D761E2A4}.Release|Any CPU.Build.0 = Release|Any CPU
		{5B7F4ECA-1074-4C6F-9CED-943B3F4F0056}.Debug|Any CPU.ActiveCfg = Debug|Any CPU
		{5B7F4ECA-1074-4C6F-9CED-943B3F4F0056}.Debug|Any CPU.Build.0 = Debug|Any CPU
		{5B7F4ECA-1074-4C6F-9CED-943B3F4F0056}.Release|Any CPU.ActiveCfg = Release|Any CPU
		{5B7F4ECA-1074-4C6F-9CED-943B3F4F0056}.Release|Any CPU.Build.0 = Release|Any CPU
		{6AAF4997-1D66-47E8-8EDD-5D1B0D02E935}.Debug|Any CPU.ActiveCfg = Debug|Any CPU
		{6AAF4997-1D66-47E8-8EDD-5D1B0D02E935}.Debug|Any CPU.Build.0 = Debug|Any CPU
		{6AAF4997-1D66-47E8-8EDD-5D1B0D02E935}.Release|Any CPU.ActiveCfg = Release|Any CPU
		{6AAF4997-1D66-47E8-8EDD-5D1B0D02E935}.Release|Any CPU.Build.0 = Release|Any CPU
		{A9F78408-9A19-4D58-9422-8A4E387D6BDC}.Debug|Any CPU.ActiveCfg = Debug|Any CPU
		{A9F78408-9A19-4D58-9422-8A4E387D6BDC}.Debug|Any CPU.Build.0 = Debug|Any CPU
		{A9F78408-9A19-4D58-9422-8A4E387D6BDC}.Release|Any CPU.ActiveCfg = Release|Any CPU
		{A9F78408-9A19-4D58-9422-8A4E387D6BDC}.Release|Any CPU.Build.0 = Release|Any CPU
		{D41F9C1E-A50B-4F93-A104-0DB5CD774FFA}.Debug|Any CPU.ActiveCfg = Debug|Any CPU
		{D41F9C1E-A50B-4F93-A104-0DB5CD774FFA}.Debug|Any CPU.Build.0 = Debug|Any CPU
		{D41F9C1E-A50B-4F93-A104-0DB5CD774FFA}.Release|Any CPU.ActiveCfg = Release|Any CPU
		{D41F9C1E-A50B-4F93-A104-0DB5CD774FFA}.Release|Any CPU.Build.0 = Release|Any CPU
	EndGlobalSection
	GlobalSection(SolutionProperties) = preSolution
		HideSolutionNode = FALSE
	EndGlobalSection
	GlobalSection(ExtensibilityGlobals) = postSolution
		SolutionGuid = {10E3276C-0170-4156-9C7C-44A054D05824}
	EndGlobalSection
EndGlobal
