
Microsoft Visual Studio Solution File, Format Version 12.00
# Visual Studio Version 16
VisualStudioVersion = 16.0.29201.188
MinimumVisualStudioVersion = 10.0.40219.1
Project("{FAE04EC0-301F-11D3-BF4B-00C04F79EFBC}") = "P02_BotoesRadio", "BotoesRadio\BotoesRadio\P02_BotoesRadio.csproj", "{35FCC2EB-970B-42E3-BC4A-1F5BF7CA2CAF}"
EndProject
Project("{FAE04EC0-301F-11D3-BF4B-00C04F79EFBC}") = "P05_ComboBox", "ComboBox\ComboBox\P05_ComboBox.csproj", "{665617BD-5132-4949-9DAF-6B5C649963EC}"
EndProject
Project("{FAE04EC0-301F-11D3-BF4B-00C04F79EFBC}") = "P07_DataHora", "DataHora\DataHora\P07_DataHora.csproj", "{DECD4634-0C0D-44EE-9DA0-15BE1BD8A705}"
EndProject
Project("{FAE04EC0-301F-11D3-BF4B-00C04F79EFBC}") = "P01_Formularios", "Formularios\Formularios\P01_Formularios.csproj", "{2F28FB39-CA5D-4493-B8F5-EF03FDF7A435}"
EndProject
Project("{FAE04EC0-301F-11D3-BF4B-00C04F79EFBC}") = "P03_ListBox", "ListBox\ListBox\P03_ListBox.csproj", "{FA8C9E5A-585B-41BC-9EDF-71CBE6F7672F}"
EndProject
Project("{FAE04EC0-301F-11D3-BF4B-00C04F79EFBC}") = "P06_PictureBox", "PictureBox\PictureBox\P06_PictureBox.csproj", "{751EB591-6315-4D2D-BF12-F47870FD80A4}"
EndProject
Project("{FAE04EC0-301F-11D3-BF4B-00C04F79EFBC}") = "P04_CheckBox", "TesteCheckBox\TesteCheckBox\P04_CheckBox.csproj", "{F7312E28-BBD8-407A-96D2-24ABF70CFA6F}"
EndProject
Project("{FAE04EC0-301F-11D3-BF4B-00C04F79EFBC}") = "CrudSimples01", "CrudSimples01_Melhoria_01\CrudSimples01\CrudSimples01.csproj", "{9FD7F522-F3DA-45E4-8C03-D4EDAE09EB42}"
EndProject
Project("{FAE04EC0-301F-11D3-BF4B-00C04F79EFBC}") = "CrudSimples02", "CrudSimples01_Melhoria_02\CrudSimples02\CrudSimples02.csproj", "{6331D062-E6E4-4412-85FE-7C776B6EA3E0}"
EndProject
Project("{2150E333-8FDC-42A3-9474-1A3956D46DE8}") = "ComandosBasicos", "ComandosBasicos", "{0C1A844A-AD1C-44A4-AC36-3126D8A11EEC}"
EndProject
Project("{2150E333-8FDC-42A3-9474-1A3956D46DE8}") = "MelhoriasCRUDSSimples", "MelhoriasCRUDSSimples", "{BC57ABAB-BC4D-43E4-986D-F2C426723FEB}"
EndProject
Project("{2150E333-8FDC-42A3-9474-1A3956D46DE8}") = "Melhoria1", "Melhoria1", "{D3EC73D1-9A2E-4BC2-B5F6-788F96A6339B}"
EndProject
Project("{2150E333-8FDC-42A3-9474-1A3956D46DE8}") = "Melhoria2", "Melhoria2", "{ACF83EE9-3422-4076-8854-528CE6B1255B}"
EndProject
Project("{FAE04EC0-301F-11D3-BF4B-00C04F79EFBC}") = "dbDLLGenerico02", "CrudSimples01_Melhoria_02\dbDLLGenerico\dbDLLGenerico02.csproj", "{357D7BDB-EDAA-4822-B580-112699683DFB}"
EndProject
Project("{2150E333-8FDC-42A3-9474-1A3956D46DE8}") = "Melhoria3", "Melhoria3", "{27D53B20-1DB3-44A5-A803-DB7D13B44897}"
EndProject
Project("{2150E333-8FDC-42A3-9474-1A3956D46DE8}") = "Melhoria4", "Melhoria4", "{DFAF401C-EBC7-4D78-94DF-B0E4204B5E51}"
EndProject
Project("{FAE04EC0-301F-11D3-BF4B-00C04F79EFBC}") = "CrudSimples03", "CrudSimples01_Melhoria_03\CrudSimples03\CrudSimples03.csproj", "{F09C2772-36C3-4021-9AF0-296758B30067}"
EndProject
Project("{FAE04EC0-301F-11D3-BF4B-00C04F79EFBC}") = "dbDLLEspecifica03", "CrudSimples01_Melhoria_03\dbDLLEspecifica\dbDLLEspecifica03.csproj", "{6D97C281-524F-48BC-81CC-BE46D97E9F13}"
EndProject
Project("{FAE04EC0-301F-11D3-BF4B-00C04F79EFBC}") = "dbDLLGenerico03", "CrudSimples01_Melhoria_03\dbDLLGenerico\dbDLLGenerico03.csproj", "{CA9BB73D-384C-4C02-A97F-F8076D943968}"
EndProject
Project("{FAE04EC0-301F-11D3-BF4B-00C04F79EFBC}") = "CrudSimples04", "CrudSimples01_Melhoria_04\CrudSimples04\CrudSimples04.csproj", "{444E66F9-352B-41F1-9309-437856852C52}"
EndProject
Project("{FAE04EC0-301F-11D3-BF4B-00C04F79EFBC}") = "dbDLLEspecifica04", "CrudSimples01_Melhoria_04\dbDLLEspecifica\dbDLLEspecifica04.csproj", "{510E6672-A707-4011-B993-A702A3904014}"
EndProject
Project("{FAE04EC0-301F-11D3-BF4B-00C04F79EFBC}") = "dbDLLGenerico04", "CrudSimples01_Melhoria_04\dbDLLGenerico\dbDLLGenerico04.csproj", "{0CAE574E-496B-43E8-989A-2CE4F7AB3283}"
EndProject
Project("{FAE04EC0-301F-11D3-BF4B-00C04F79EFBC}") = "dllConfiguracao04", "CrudSimples01_Melhoria_04\dllConfiguracao\dllConfiguracao04.csproj", "{5DD379BE-C88E-4D4F-A4BF-857EBC02F662}"
EndProject
Project("{2150E333-8FDC-42A3-9474-1A3956D46DE8}") = "Scripts", "Scripts", "{4184178B-1348-4D69-A9D3-50FCC2C44403}"
	ProjectSection(SolutionItems) = preProject
		Scripts\ScriptAula02.sql = Scripts\ScriptAula02.sql
	EndProjectSection
EndProject
Global
	GlobalSection(SolutionConfigurationPlatforms) = preSolution
		Debug|Any CPU = Debug|Any CPU
		Release|Any CPU = Release|Any CPU
	EndGlobalSection
	GlobalSection(ProjectConfigurationPlatforms) = postSolution
		{35FCC2EB-970B-42E3-BC4A-1F5BF7CA2CAF}.Debug|Any CPU.ActiveCfg = Debug|Any CPU
		{35FCC2EB-970B-42E3-BC4A-1F5BF7CA2CAF}.Debug|Any CPU.Build.0 = Debug|Any CPU
		{35FCC2EB-970B-42E3-BC4A-1F5BF7CA2CAF}.Release|Any CPU.ActiveCfg = Release|Any CPU
		{35FCC2EB-970B-42E3-BC4A-1F5BF7CA2CAF}.Release|Any CPU.Build.0 = Release|Any CPU
		{665617BD-5132-4949-9DAF-6B5C649963EC}.Debug|Any CPU.ActiveCfg = Debug|Any CPU
		{665617BD-5132-4949-9DAF-6B5C649963EC}.Debug|Any CPU.Build.0 = Debug|Any CPU
		{665617BD-5132-4949-9DAF-6B5C649963EC}.Release|Any CPU.ActiveCfg = Release|Any CPU
		{665617BD-5132-4949-9DAF-6B5C649963EC}.Release|Any CPU.Build.0 = Release|Any CPU
		{DECD4634-0C0D-44EE-9DA0-15BE1BD8A705}.Debug|Any CPU.ActiveCfg = Debug|Any CPU
		{DECD4634-0C0D-44EE-9DA0-15BE1BD8A705}.Debug|Any CPU.Build.0 = Debug|Any CPU
		{DECD4634-0C0D-44EE-9DA0-15BE1BD8A705}.Release|Any CPU.ActiveCfg = Release|Any CPU
		{DECD4634-0C0D-44EE-9DA0-15BE1BD8A705}.Release|Any CPU.Build.0 = Release|Any CPU
		{2F28FB39-CA5D-4493-B8F5-EF03FDF7A435}.Debug|Any CPU.ActiveCfg = Debug|Any CPU
		{2F28FB39-CA5D-4493-B8F5-EF03FDF7A435}.Debug|Any CPU.Build.0 = Debug|Any CPU
		{2F28FB39-CA5D-4493-B8F5-EF03FDF7A435}.Release|Any CPU.ActiveCfg = Release|Any CPU
		{2F28FB39-CA5D-4493-B8F5-EF03FDF7A435}.Release|Any CPU.Build.0 = Release|Any CPU
		{FA8C9E5A-585B-41BC-9EDF-71CBE6F7672F}.Debug|Any CPU.ActiveCfg = Debug|Any CPU
		{FA8C9E5A-585B-41BC-9EDF-71CBE6F7672F}.Debug|Any CPU.Build.0 = Debug|Any CPU
		{FA8C9E5A-585B-41BC-9EDF-71CBE6F7672F}.Release|Any CPU.ActiveCfg = Release|Any CPU
		{FA8C9E5A-585B-41BC-9EDF-71CBE6F7672F}.Release|Any CPU.Build.0 = Release|Any CPU
		{751EB591-6315-4D2D-BF12-F47870FD80A4}.Debug|Any CPU.ActiveCfg = Debug|Any CPU
		{751EB591-6315-4D2D-BF12-F47870FD80A4}.Debug|Any CPU.Build.0 = Debug|Any CPU
		{751EB591-6315-4D2D-BF12-F47870FD80A4}.Release|Any CPU.ActiveCfg = Release|Any CPU
		{751EB591-6315-4D2D-BF12-F47870FD80A4}.Release|Any CPU.Build.0 = Release|Any CPU
		{F7312E28-BBD8-407A-96D2-24ABF70CFA6F}.Debug|Any CPU.ActiveCfg = Debug|Any CPU
		{F7312E28-BBD8-407A-96D2-24ABF70CFA6F}.Debug|Any CPU.Build.0 = Debug|Any CPU
		{F7312E28-BBD8-407A-96D2-24ABF70CFA6F}.Release|Any CPU.ActiveCfg = Release|Any CPU
		{F7312E28-BBD8-407A-96D2-24ABF70CFA6F}.Release|Any CPU.Build.0 = Release|Any CPU
		{9FD7F522-F3DA-45E4-8C03-D4EDAE09EB42}.Debug|Any CPU.ActiveCfg = Debug|Any CPU
		{9FD7F522-F3DA-45E4-8C03-D4EDAE09EB42}.Debug|Any CPU.Build.0 = Debug|Any CPU
		{9FD7F522-F3DA-45E4-8C03-D4EDAE09EB42}.Release|Any CPU.ActiveCfg = Release|Any CPU
		{9FD7F522-F3DA-45E4-8C03-D4EDAE09EB42}.Release|Any CPU.Build.0 = Release|Any CPU
		{6331D062-E6E4-4412-85FE-7C776B6EA3E0}.Debug|Any CPU.ActiveCfg = Debug|Any CPU
		{6331D062-E6E4-4412-85FE-7C776B6EA3E0}.Debug|Any CPU.Build.0 = Debug|Any CPU
		{6331D062-E6E4-4412-85FE-7C776B6EA3E0}.Release|Any CPU.ActiveCfg = Release|Any CPU
		{6331D062-E6E4-4412-85FE-7C776B6EA3E0}.Release|Any CPU.Build.0 = Release|Any CPU
		{357D7BDB-EDAA-4822-B580-112699683DFB}.Debug|Any CPU.ActiveCfg = Debug|Any CPU
		{357D7BDB-EDAA-4822-B580-112699683DFB}.Debug|Any CPU.Build.0 = Debug|Any CPU
		{357D7BDB-EDAA-4822-B580-112699683DFB}.Release|Any CPU.ActiveCfg = Release|Any CPU
		{357D7BDB-EDAA-4822-B580-112699683DFB}.Release|Any CPU.Build.0 = Release|Any CPU
		{F09C2772-36C3-4021-9AF0-296758B30067}.Debug|Any CPU.ActiveCfg = Debug|Any CPU
		{F09C2772-36C3-4021-9AF0-296758B30067}.Debug|Any CPU.Build.0 = Debug|Any CPU
		{F09C2772-36C3-4021-9AF0-296758B30067}.Release|Any CPU.ActiveCfg = Release|Any CPU
		{F09C2772-36C3-4021-9AF0-296758B30067}.Release|Any CPU.Build.0 = Release|Any CPU
		{6D97C281-524F-48BC-81CC-BE46D97E9F13}.Debug|Any CPU.ActiveCfg = Debug|Any CPU
		{6D97C281-524F-48BC-81CC-BE46D97E9F13}.Debug|Any CPU.Build.0 = Debug|Any CPU
		{6D97C281-524F-48BC-81CC-BE46D97E9F13}.Release|Any CPU.ActiveCfg = Release|Any CPU
		{6D97C281-524F-48BC-81CC-BE46D97E9F13}.Release|Any CPU.Build.0 = Release|Any CPU
		{CA9BB73D-384C-4C02-A97F-F8076D943968}.Debug|Any CPU.ActiveCfg = Debug|Any CPU
		{CA9BB73D-384C-4C02-A97F-F8076D943968}.Debug|Any CPU.Build.0 = Debug|Any CPU
		{CA9BB73D-384C-4C02-A97F-F8076D943968}.Release|Any CPU.ActiveCfg = Release|Any CPU
		{CA9BB73D-384C-4C02-A97F-F8076D943968}.Release|Any CPU.Build.0 = Release|Any CPU
		{444E66F9-352B-41F1-9309-437856852C52}.Debug|Any CPU.ActiveCfg = Debug|Any CPU
		{444E66F9-352B-41F1-9309-437856852C52}.Debug|Any CPU.Build.0 = Debug|Any CPU
		{444E66F9-352B-41F1-9309-437856852C52}.Release|Any CPU.ActiveCfg = Release|Any CPU
		{444E66F9-352B-41F1-9309-437856852C52}.Release|Any CPU.Build.0 = Release|Any CPU
		{510E6672-A707-4011-B993-A702A3904014}.Debug|Any CPU.ActiveCfg = Debug|Any CPU
		{510E6672-A707-4011-B993-A702A3904014}.Debug|Any CPU.Build.0 = Debug|Any CPU
		{510E6672-A707-4011-B993-A702A3904014}.Release|Any CPU.ActiveCfg = Release|Any CPU
		{510E6672-A707-4011-B993-A702A3904014}.Release|Any CPU.Build.0 = Release|Any CPU
		{0CAE574E-496B-43E8-989A-2CE4F7AB3283}.Debug|Any CPU.ActiveCfg = Debug|Any CPU
		{0CAE574E-496B-43E8-989A-2CE4F7AB3283}.Debug|Any CPU.Build.0 = Debug|Any CPU
		{0CAE574E-496B-43E8-989A-2CE4F7AB3283}.Release|Any CPU.ActiveCfg = Release|Any CPU
		{0CAE574E-496B-43E8-989A-2CE4F7AB3283}.Release|Any CPU.Build.0 = Release|Any CPU
		{5DD379BE-C88E-4D4F-A4BF-857EBC02F662}.Debug|Any CPU.ActiveCfg = Debug|Any CPU
		{5DD379BE-C88E-4D4F-A4BF-857EBC02F662}.Debug|Any CPU.Build.0 = Debug|Any CPU
		{5DD379BE-C88E-4D4F-A4BF-857EBC02F662}.Release|Any CPU.ActiveCfg = Release|Any CPU
		{5DD379BE-C88E-4D4F-A4BF-857EBC02F662}.Release|Any CPU.Build.0 = Release|Any CPU
	EndGlobalSection
	GlobalSection(SolutionProperties) = preSolution
		HideSolutionNode = FALSE
	EndGlobalSection
	GlobalSection(NestedProjects) = preSolution
		{35FCC2EB-970B-42E3-BC4A-1F5BF7CA2CAF} = {0C1A844A-AD1C-44A4-AC36-3126D8A11EEC}
		{665617BD-5132-4949-9DAF-6B5C649963EC} = {0C1A844A-AD1C-44A4-AC36-3126D8A11EEC}
		{DECD4634-0C0D-44EE-9DA0-15BE1BD8A705} = {0C1A844A-AD1C-44A4-AC36-3126D8A11EEC}
		{2F28FB39-CA5D-4493-B8F5-EF03FDF7A435} = {0C1A844A-AD1C-44A4-AC36-3126D8A11EEC}
		{FA8C9E5A-585B-41BC-9EDF-71CBE6F7672F} = {0C1A844A-AD1C-44A4-AC36-3126D8A11EEC}
		{751EB591-6315-4D2D-BF12-F47870FD80A4} = {0C1A844A-AD1C-44A4-AC36-3126D8A11EEC}
		{F7312E28-BBD8-407A-96D2-24ABF70CFA6F} = {0C1A844A-AD1C-44A4-AC36-3126D8A11EEC}
		{9FD7F522-F3DA-45E4-8C03-D4EDAE09EB42} = {D3EC73D1-9A2E-4BC2-B5F6-788F96A6339B}
		{6331D062-E6E4-4412-85FE-7C776B6EA3E0} = {ACF83EE9-3422-4076-8854-528CE6B1255B}
		{D3EC73D1-9A2E-4BC2-B5F6-788F96A6339B} = {BC57ABAB-BC4D-43E4-986D-F2C426723FEB}
		{ACF83EE9-3422-4076-8854-528CE6B1255B} = {BC57ABAB-BC4D-43E4-986D-F2C426723FEB}
		{357D7BDB-EDAA-4822-B580-112699683DFB} = {ACF83EE9-3422-4076-8854-528CE6B1255B}
		{27D53B20-1DB3-44A5-A803-DB7D13B44897} = {BC57ABAB-BC4D-43E4-986D-F2C426723FEB}
		{DFAF401C-EBC7-4D78-94DF-B0E4204B5E51} = {BC57ABAB-BC4D-43E4-986D-F2C426723FEB}
		{F09C2772-36C3-4021-9AF0-296758B30067} = {27D53B20-1DB3-44A5-A803-DB7D13B44897}
		{6D97C281-524F-48BC-81CC-BE46D97E9F13} = {27D53B20-1DB3-44A5-A803-DB7D13B44897}
		{CA9BB73D-384C-4C02-A97F-F8076D943968} = {27D53B20-1DB3-44A5-A803-DB7D13B44897}
		{444E66F9-352B-41F1-9309-437856852C52} = {DFAF401C-EBC7-4D78-94DF-B0E4204B5E51}
		{510E6672-A707-4011-B993-A702A3904014} = {DFAF401C-EBC7-4D78-94DF-B0E4204B5E51}
		{0CAE574E-496B-43E8-989A-2CE4F7AB3283} = {DFAF401C-EBC7-4D78-94DF-B0E4204B5E51}
		{5DD379BE-C88E-4D4F-A4BF-857EBC02F662} = {DFAF401C-EBC7-4D78-94DF-B0E4204B5E51}
	EndGlobalSection
	GlobalSection(ExtensibilityGlobals) = postSolution
		SolutionGuid = {F7CCD5B5-63BD-4D73-8B8D-709B83F449D0}
	EndGlobalSection
EndGlobal
