
Microsoft Visual Studio Solution File, Format Version 12.00
# Visual Studio 15
VisualStudioVersion = 15.0.27703.2047
MinimumVisualStudioVersion = 10.0.40219.1
Project("{FAE04EC0-301F-11D3-BF4B-00C04F79EFBC}") = "TesteCheckBox", "TesteCheckBox\TesteCheckBox.csproj", "{F7312E28-BBD8-407A-96D2-24ABF70CFA6F}"
EndProject
Global
	GlobalSection(SolutionConfigurationPlatforms) = preSolution
		Debug|Any CPU = Debug|Any CPU
		Release|Any CPU = Release|Any CPU
	EndGlobalSection
	GlobalSection(ProjectConfigurationPlatforms) = postSolution
		{F7312E28-BBD8-407A-96D2-24ABF70CFA6F}.Debug|Any CPU.ActiveCfg = Debug|Any CPU
		{F7312E28-BBD8-407A-96D2-24ABF70CFA6F}.Debug|Any CPU.Build.0 = Debug|Any CPU
		{F7312E28-BBD8-407A-96D2-24ABF70CFA6F}.Release|Any CPU.ActiveCfg = Release|Any CPU
		{F7312E28-BBD8-407A-96D2-24ABF70CFA6F}.Release|Any CPU.Build.0 = Release|Any CPU
	EndGlobalSection
	GlobalSection(SolutionProperties) = preSolution
		HideSolutionNode = FALSE
	EndGlobalSection
	GlobalSection(ExtensibilityGlobals) = postSolution
		SolutionGuid = {F354C425-61DF-49CE-81CA-D0B2F97424AF}
	EndGlobalSection
EndGlobal
